
Microsoft Visual Studio Solution File, Format Version 12.00
# Visual Studio 15
VisualStudioVersion = 15.0.27428.1
MinimumVisualStudioVersion = 10.0.40219.1
Project("{FAE04EC0-301F-11D3-BF4B-00C04F79EFBC}") = "Trees", "Trees\Trees.csproj", "{4B2BE8E1-02EA-4068-9092-2867E707771C}"
EndProject
Project("{9A19103F-16F7-4668-BE54-9A1E7A4F7556}") = "QuickSortings", "Sortings\QuickSortings.csproj", "{13B8F678-633E-445D-9117-C5FEB2057166}"
EndProject
Project("{9A19103F-16F7-4668-BE54-9A1E7A4F7556}") = "MergeSort", "MergeSort\MergeSort.csproj", "{D42342CB-33B4-48ED-9AC0-8D665C03FE90}"
EndProject
Project("{FAE04EC0-301F-11D3-BF4B-00C04F79EFBC}") = "SOLID", "SOLID\SOLID.csproj", "{D359B68F-5F05-47EE-823C-DAC864211F98}"
EndProject
Project("{FAE04EC0-301F-11D3-BF4B-00C04F79EFBC}") = "DesignPattern", "DesignPattern\DesignPattern.csproj", "{0D658741-9F98-4A7B-8BB8-A9471A52E7F4}"
EndProject
Project("{FAE04EC0-301F-11D3-BF4B-00C04F79EFBC}") = "ExcellWebAp", "ExcellWebAp\ExcellWebAp.csproj", "{90EC2DD7-BD6A-404E-9CDA-6CC9B31108EE}"
EndProject
Global
	GlobalSection(SolutionConfigurationPlatforms) = preSolution
		Debug|Any CPU = Debug|Any CPU
		Release|Any CPU = Release|Any CPU
	EndGlobalSection
	GlobalSection(ProjectConfigurationPlatforms) = postSolution
		{4B2BE8E1-02EA-4068-9092-2867E707771C}.Debug|Any CPU.ActiveCfg = Debug|Any CPU
		{4B2BE8E1-02EA-4068-9092-2867E707771C}.Debug|Any CPU.Build.0 = Debug|Any CPU
		{4B2BE8E1-02EA-4068-9092-2867E707771C}.Release|Any CPU.ActiveCfg = Release|Any CPU
		{4B2BE8E1-02EA-4068-9092-2867E707771C}.Release|Any CPU.Build.0 = Release|Any CPU
		{13B8F678-633E-445D-9117-C5FEB2057166}.Debug|Any CPU.ActiveCfg = Debug|Any CPU
		{13B8F678-633E-445D-9117-C5FEB2057166}.Debug|Any CPU.Build.0 = Debug|Any CPU
		{13B8F678-633E-445D-9117-C5FEB2057166}.Release|Any CPU.ActiveCfg = Release|Any CPU
		{13B8F678-633E-445D-9117-C5FEB2057166}.Release|Any CPU.Build.0 = Release|Any CPU
		{D42342CB-33B4-48ED-9AC0-8D665C03FE90}.Debug|Any CPU.ActiveCfg = Debug|Any CPU
		{D42342CB-33B4-48ED-9AC0-8D665C03FE90}.Debug|Any CPU.Build.0 = Debug|Any CPU
		{D42342CB-33B4-48ED-9AC0-8D665C03FE90}.Release|Any CPU.ActiveCfg = Release|Any CPU
		{D42342CB-33B4-48ED-9AC0-8D665C03FE90}.Release|Any CPU.Build.0 = Release|Any CPU
		{D359B68F-5F05-47EE-823C-DAC864211F98}.Debug|Any CPU.ActiveCfg = Debug|Any CPU
		{D359B68F-5F05-47EE-823C-DAC864211F98}.Debug|Any CPU.Build.0 = Debug|Any CPU
		{D359B68F-5F05-47EE-823C-DAC864211F98}.Release|Any CPU.ActiveCfg = Release|Any CPU
		{D359B68F-5F05-47EE-823C-DAC864211F98}.Release|Any CPU.Build.0 = Release|Any CPU
		{0D658741-9F98-4A7B-8BB8-A9471A52E7F4}.Debug|Any CPU.ActiveCfg = Debug|Any CPU
		{0D658741-9F98-4A7B-8BB8-A9471A52E7F4}.Debug|Any CPU.Build.0 = Debug|Any CPU
		{0D658741-9F98-4A7B-8BB8-A9471A52E7F4}.Release|Any CPU.ActiveCfg = Release|Any CPU
		{0D658741-9F98-4A7B-8BB8-A9471A52E7F4}.Release|Any CPU.Build.0 = Release|Any CPU
		{90EC2DD7-BD6A-404E-9CDA-6CC9B31108EE}.Debug|Any CPU.ActiveCfg = Debug|Any CPU
		{90EC2DD7-BD6A-404E-9CDA-6CC9B31108EE}.Debug|Any CPU.Build.0 = Debug|Any CPU
		{90EC2DD7-BD6A-404E-9CDA-6CC9B31108EE}.Release|Any CPU.ActiveCfg = Release|Any CPU
		{90EC2DD7-BD6A-404E-9CDA-6CC9B31108EE}.Release|Any CPU.Build.0 = Release|Any CPU
	EndGlobalSection
	GlobalSection(SolutionProperties) = preSolution
		HideSolutionNode = FALSE
	EndGlobalSection
	GlobalSection(ExtensibilityGlobals) = postSolution
		SolutionGuid = {01F4641B-C071-4D01-A89B-14A8F1C75468}
	EndGlobalSection
EndGlobal
